
Microsoft Visual Studio Solution File, Format Version 12.00
# Visual Studio Version 17
VisualStudioVersion = 17.3.32825.248
MinimumVisualStudioVersion = 10.0.40219.1
Project("{FAE04EC0-301F-11D3-BF4B-00C04F79EFBC}") = "StringManipulation", "StringManipulation\StringManipulation.csproj", "{E3350670-15A4-4FF7-9CBA-358B3E6FCBF3}"
EndProject
Global
	GlobalSection(SolutionConfigurationPlatforms) = preSolution
		Debug|Any CPU = Debug|Any CPU
		Release|Any CPU = Release|Any CPU
	EndGlobalSection
	GlobalSection(ProjectConfigurationPlatforms) = postSolution
		{E3350670-15A4-4FF7-9CBA-358B3E6FCBF3}.Debug|Any CPU.ActiveCfg = Debug|Any CPU
		{E3350670-15A4-4FF7-9CBA-358B3E6FCBF3}.Debug|Any CPU.Build.0 = Debug|Any CPU
		{E3350670-15A4-4FF7-9CBA-358B3E6FCBF3}.Release|Any CPU.ActiveCfg = Release|Any CPU
		{E3350670-15A4-4FF7-9CBA-358B3E6FCBF3}.Release|Any CPU.Build.0 = Release|Any CPU
	EndGlobalSection
	GlobalSection(SolutionProperties) = preSolution
		HideSolutionNode = FALSE
	EndGlobalSection
	GlobalSection(ExtensibilityGlobals) = postSolution
		SolutionGuid = {D03D1E79-9B11-498A-9E47-6E073F6458AB}
	EndGlobalSection
EndGlobal
